
Microsoft Visual Studio Solution File, Format Version 12.00
# Visual Studio Version 17
VisualStudioVersion = 17.13.35931.197
MinimumVisualStudioVersion = 10.0.40219.1
Project("{2150E333-8FDC-42A3-9474-1A3956D46DE8}") = "1.Apresentação", "1.Apresentação", "{02EA681E-C7D8-13C7-8484-4AC65E1B71E8}"
EndProject
Project("{2150E333-8FDC-42A3-9474-1A3956D46DE8}") = "2.Dominio", "2.Dominio", "{FEB0AD3B-8F2B-41B1-A37C-A748BF679B4A}"
EndProject
Project("{2150E333-8FDC-42A3-9474-1A3956D46DE8}") = "3.Infraestrutura", "3.Infraestrutura", "{FAC7F40F-22FE-4EA9-9C66-C65D3E8A0DA7}"
EndProject
Project("{FAE04EC0-301F-11D3-BF4B-00C04F79EFBC}") = "Duobingo.InfraestruturaEmOrm", "Duobingo.InfraestruturaEmOrm\Duobingo.InfraestruturaEmOrm.csproj", "{7F836DF0-54B8-4799-8825-924C2ACA01B0}"
EndProject
Project("{FAE04EC0-301F-11D3-BF4B-00C04F79EFBC}") = "Duobingo.Dominio", "Duobingo.Dominio\Duobingo.Dominio.csproj", "{6773ACF4-49E8-4423-B5EC-69650DEEA048}"
EndProject
Project("{FAE04EC0-301F-11D3-BF4B-00C04F79EFBC}") = "Duobingo.WebApp", "Duobingo.WebApp\Duobingo.WebApp.csproj", "{37E706BB-2FB8-43B8-ACFA-FEBE4515EDA4}"
EndProject
Global
	GlobalSection(SolutionConfigurationPlatforms) = preSolution
		Debug|Any CPU = Debug|Any CPU
		Debug|x64 = Debug|x64
		Debug|x86 = Debug|x86
		Release|Any CPU = Release|Any CPU
		Release|x64 = Release|x64
		Release|x86 = Release|x86
	EndGlobalSection
	GlobalSection(ProjectConfigurationPlatforms) = postSolution
		{7F836DF0-54B8-4799-8825-924C2ACA01B0}.Debug|Any CPU.ActiveCfg = Debug|Any CPU
		{7F836DF0-54B8-4799-8825-924C2ACA01B0}.Debug|Any CPU.Build.0 = Debug|Any CPU
		{7F836DF0-54B8-4799-8825-924C2ACA01B0}.Debug|x64.ActiveCfg = Debug|Any CPU
		{7F836DF0-54B8-4799-8825-924C2ACA01B0}.Debug|x64.Build.0 = Debug|Any CPU
		{7F836DF0-54B8-4799-8825-924C2ACA01B0}.Debug|x86.ActiveCfg = Debug|Any CPU
		{7F836DF0-54B8-4799-8825-924C2ACA01B0}.Debug|x86.Build.0 = Debug|Any CPU
		{7F836DF0-54B8-4799-8825-924C2ACA01B0}.Release|Any CPU.ActiveCfg = Release|Any CPU
		{7F836DF0-54B8-4799-8825-924C2ACA01B0}.Release|Any CPU.Build.0 = Release|Any CPU
		{7F836DF0-54B8-4799-8825-924C2ACA01B0}.Release|x64.ActiveCfg = Release|Any CPU
		{7F836DF0-54B8-4799-8825-924C2ACA01B0}.Release|x64.Build.0 = Release|Any CPU
		{7F836DF0-54B8-4799-8825-924C2ACA01B0}.Release|x86.ActiveCfg = Release|Any CPU
		{7F836DF0-54B8-4799-8825-924C2ACA01B0}.Release|x86.Build.0 = Release|Any CPU
		{6773ACF4-49E8-4423-B5EC-69650DEEA048}.Debug|Any CPU.ActiveCfg = Debug|Any CPU
		{6773ACF4-49E8-4423-B5EC-69650DEEA048}.Debug|Any CPU.Build.0 = Debug|Any CPU
		{6773ACF4-49E8-4423-B5EC-69650DEEA048}.Debug|x64.ActiveCfg = Debug|Any CPU
		{6773ACF4-49E8-4423-B5EC-69650DEEA048}.Debug|x64.Build.0 = Debug|Any CPU
		{6773ACF4-49E8-4423-B5EC-69650DEEA048}.Debug|x86.ActiveCfg = Debug|Any CPU
		{6773ACF4-49E8-4423-B5EC-69650DEEA048}.Debug|x86.Build.0 = Debug|Any CPU
		{6773ACF4-49E8-4423-B5EC-69650DEEA048}.Release|Any CPU.ActiveCfg = Release|Any CPU
		{6773ACF4-49E8-4423-B5EC-69650DEEA048}.Release|Any CPU.Build.0 = Release|Any CPU
		{6773ACF4-49E8-4423-B5EC-69650DEEA048}.Release|x64.ActiveCfg = Release|Any CPU
		{6773ACF4-49E8-4423-B5EC-69650DEEA048}.Release|x64.Build.0 = Release|Any CPU
		{6773ACF4-49E8-4423-B5EC-69650DEEA048}.Release|x86.ActiveCfg = Release|Any CPU
		{6773ACF4-49E8-4423-B5EC-69650DEEA048}.Release|x86.Build.0 = Release|Any CPU
		{37E706BB-2FB8-43B8-ACFA-FEBE4515EDA4}.Debug|Any CPU.ActiveCfg = Debug|Any CPU
		{37E706BB-2FB8-43B8-ACFA-FEBE4515EDA4}.Debug|Any CPU.Build.0 = Debug|Any CPU
		{37E706BB-2FB8-43B8-ACFA-FEBE4515EDA4}.Debug|x64.ActiveCfg = Debug|Any CPU
		{37E706BB-2FB8-43B8-ACFA-FEBE4515EDA4}.Debug|x64.Build.0 = Debug|Any CPU
		{37E706BB-2FB8-43B8-ACFA-FEBE4515EDA4}.Debug|x86.ActiveCfg = Debug|Any CPU
		{37E706BB-2FB8-43B8-ACFA-FEBE4515EDA4}.Debug|x86.Build.0 = Debug|Any CPU
		{37E706BB-2FB8-43B8-ACFA-FEBE4515EDA4}.Release|Any CPU.ActiveCfg = Release|Any CPU
		{37E706BB-2FB8-43B8-ACFA-FEBE4515EDA4}.Release|Any CPU.Build.0 = Release|Any CPU
		{37E706BB-2FB8-43B8-ACFA-FEBE4515EDA4}.Release|x64.ActiveCfg = Release|Any CPU
		{37E706BB-2FB8-43B8-ACFA-FEBE4515EDA4}.Release|x64.Build.0 = Release|Any CPU
		{37E706BB-2FB8-43B8-ACFA-FEBE4515EDA4}.Release|x86.ActiveCfg = Release|Any CPU
		{37E706BB-2FB8-43B8-ACFA-FEBE4515EDA4}.Release|x86.Build.0 = Release|Any CPU
	EndGlobalSection
	GlobalSection(SolutionProperties) = preSolution
		HideSolutionNode = FALSE
	EndGlobalSection
	GlobalSection(NestedProjects) = preSolution
		{7F836DF0-54B8-4799-8825-924C2ACA01B0} = {FAC7F40F-22FE-4EA9-9C66-C65D3E8A0DA7}
		{6773ACF4-49E8-4423-B5EC-69650DEEA048} = {FEB0AD3B-8F2B-41B1-A37C-A748BF679B4A}
		{37E706BB-2FB8-43B8-ACFA-FEBE4515EDA4} = {02EA681E-C7D8-13C7-8484-4AC65E1B71E8}
	EndGlobalSection
	GlobalSection(ExtensibilityGlobals) = postSolution
		SolutionGuid = {6BE45CF8-672D-4270-A59B-27CD9042E3BC}
	EndGlobalSection
EndGlobal
